%{
  "earmark": {:hex, :earmark, "1.2.4", "99b637c62a4d65a20a9fb674b8cffb8baa771c04605a80c911c4418c69b75439", [:mix], []},
  "ex_doc": {:hex, :ex_doc, "0.18.2", "993e0a95e9fbb790ac54ea58e700b45b299bd48bc44b4ae0404f28161f37a83e", [:mix], [{:earmark, "~> 1.1", [hex: :earmark, optional: false]}]},
  "floki": {:hex, :floki, "0.19.3", "652d1447767f783bd6cae1d882fd2145f25db28c6841ab87659225b468cff101", [:mix], [{:html_entities, "~> 0.4.0", [hex: :html_entities, optional: false]}, {:mochiweb, "~> 2.15", [hex: :mochiweb, optional: false]}]},
  "html_entities": {:hex, :html_entities, "0.4.0", "f2fee876858cf6aaa9db608820a3209e45a087c5177332799592142b50e89a6b", [:mix], []},
  "httpotion": {:hex, :httpotion, "3.0.3", "17096ea1a7c0b2df74509e9c15a82b670d66fc4d66e6ef584189f63a9759428d", [:mix], [{:ibrowse, "~> 4.4", [hex: :ibrowse, optional: false]}]},
  "ibrowse": {:hex, :ibrowse, "4.4.0", "2d923325efe0d2cb09b9c6a047b2835a5eda69d8a47ed6ff8bc03628b764e991", [:rebar3], []},
  "mochiweb": {:hex, :mochiweb, "2.15.0", "e1daac474df07651e5d17cc1e642c4069c7850dc4508d3db7263a0651330aacc", [:rebar3], []},
}
